
Microsoft Visual Studio Solution File, Format Version 12.00
# Visual Studio Version 16
VisualStudioVersion = 16.0.32106.194
MinimumVisualStudioVersion = 10.0.40219.1
Project("{FAE04EC0-301F-11D3-BF4B-00C04F79EFBC}") = "016. szamoknegyzeteegytoltizig", "016. szamoknegyzeteegytoltizig\016. szamoknegyzeteegytoltizig.csproj", "{5B08A06C-AA61-4ED1-B5D3-26F4B9C3929D}"
EndProject
Global
	GlobalSection(SolutionConfigurationPlatforms) = preSolution
		Debug|Any CPU = Debug|Any CPU
		Release|Any CPU = Release|Any CPU
	EndGlobalSection
	GlobalSection(ProjectConfigurationPlatforms) = postSolution
		{5B08A06C-AA61-4ED1-B5D3-26F4B9C3929D}.Debug|Any CPU.ActiveCfg = Debug|Any CPU
		{5B08A06C-AA61-4ED1-B5D3-26F4B9C3929D}.Debug|Any CPU.Build.0 = Debug|Any CPU
		{5B08A06C-AA61-4ED1-B5D3-26F4B9C3929D}.Release|Any CPU.ActiveCfg = Release|Any CPU
		{5B08A06C-AA61-4ED1-B5D3-26F4B9C3929D}.Release|Any CPU.Build.0 = Release|Any CPU
	EndGlobalSection
	GlobalSection(SolutionProperties) = preSolution
		HideSolutionNode = FALSE
	EndGlobalSection
	GlobalSection(ExtensibilityGlobals) = postSolution
		SolutionGuid = {021AE886-5F4C-4B87-B5EA-3985D0BDB06A}
	EndGlobalSection
EndGlobal
